
Microsoft Visual Studio Solution File, Format Version 12.00
# Visual Studio 14
VisualStudioVersion = 14.0.24720.0
MinimumVisualStudioVersion = 10.0.40219.1
Project("{FAE04EC0-301F-11D3-BF4B-00C04F79EFBC}") = "RPGkillerapp", "RPGkillerapp\RPGkillerapp.csproj", "{6BF60191-FD57-4A60-9DBC-2295D958379D}"
EndProject
Project("{FAE04EC0-301F-11D3-BF4B-00C04F79EFBC}") = "ClassLibrary", "ClassLibrary\ClassLibrary.csproj", "{D9C325E8-434D-4222-8D72-8C08408769FF}"
EndProject
Global
	GlobalSection(SolutionConfigurationPlatforms) = preSolution
		Debug|Any CPU = Debug|Any CPU
		Release|Any CPU = Release|Any CPU
	EndGlobalSection
	GlobalSection(ProjectConfigurationPlatforms) = postSolution
		{6BF60191-FD57-4A60-9DBC-2295D958379D}.Debug|Any CPU.ActiveCfg = Debug|Any CPU
		{6BF60191-FD57-4A60-9DBC-2295D958379D}.Debug|Any CPU.Build.0 = Debug|Any CPU
		{6BF60191-FD57-4A60-9DBC-2295D958379D}.Release|Any CPU.ActiveCfg = Release|Any CPU
		{6BF60191-FD57-4A60-9DBC-2295D958379D}.Release|Any CPU.Build.0 = Release|Any CPU
		{D9C325E8-434D-4222-8D72-8C08408769FF}.Debug|Any CPU.ActiveCfg = Debug|Any CPU
		{D9C325E8-434D-4222-8D72-8C08408769FF}.Debug|Any CPU.Build.0 = Debug|Any CPU
		{D9C325E8-434D-4222-8D72-8C08408769FF}.Release|Any CPU.ActiveCfg = Release|Any CPU
		{D9C325E8-434D-4222-8D72-8C08408769FF}.Release|Any CPU.Build.0 = Release|Any CPU
	EndGlobalSection
	GlobalSection(SolutionProperties) = preSolution
		HideSolutionNode = FALSE
	EndGlobalSection
EndGlobal
